
Microsoft Visual Studio Solution File, Format Version 12.00
# Visual Studio Version 16
VisualStudioVersion = 16.0.30330.147
MinimumVisualStudioVersion = 15.0.26124.0
Project("{2150E333-8FDC-42A3-9474-1A3956D46DE8}") = "src", "src", "{6B39CF6E-5593-443C-9ECF-B7EA72A70F78}"
EndProject
Project("{9A19103F-16F7-4668-BE54-9A1E7A4F7556}") = "GoogleAdsense.OrchardCore", "src\GoogleAdsense.OrchardCore\GoogleAdsense.OrchardCore.csproj", "{263989CD-4FC2-4F9B-9AD2-AE17CB4F1EB1}"
EndProject
Global
	GlobalSection(SolutionConfigurationPlatforms) = preSolution
		Debug|Any CPU = Debug|Any CPU
		Debug|x64 = Debug|x64
		Debug|x86 = Debug|x86
		Release|Any CPU = Release|Any CPU
		Release|x64 = Release|x64
		Release|x86 = Release|x86
	EndGlobalSection
	GlobalSection(ProjectConfigurationPlatforms) = postSolution
		{263989CD-4FC2-4F9B-9AD2-AE17CB4F1EB1}.Debug|Any CPU.ActiveCfg = Debug|Any CPU
		{263989CD-4FC2-4F9B-9AD2-AE17CB4F1EB1}.Debug|Any CPU.Build.0 = Debug|Any CPU
		{263989CD-4FC2-4F9B-9AD2-AE17CB4F1EB1}.Debug|x64.ActiveCfg = Debug|Any CPU
		{263989CD-4FC2-4F9B-9AD2-AE17CB4F1EB1}.Debug|x64.Build.0 = Debug|Any CPU
		{263989CD-4FC2-4F9B-9AD2-AE17CB4F1EB1}.Debug|x86.ActiveCfg = Debug|Any CPU
		{263989CD-4FC2-4F9B-9AD2-AE17CB4F1EB1}.Debug|x86.Build.0 = Debug|Any CPU
		{263989CD-4FC2-4F9B-9AD2-AE17CB4F1EB1}.Release|Any CPU.ActiveCfg = Release|Any CPU
		{263989CD-4FC2-4F9B-9AD2-AE17CB4F1EB1}.Release|Any CPU.Build.0 = Release|Any CPU
		{263989CD-4FC2-4F9B-9AD2-AE17CB4F1EB1}.Release|x64.ActiveCfg = Release|Any CPU
		{263989CD-4FC2-4F9B-9AD2-AE17CB4F1EB1}.Release|x64.Build.0 = Release|Any CPU
		{263989CD-4FC2-4F9B-9AD2-AE17CB4F1EB1}.Release|x86.ActiveCfg = Release|Any CPU
		{263989CD-4FC2-4F9B-9AD2-AE17CB4F1EB1}.Release|x86.Build.0 = Release|Any CPU
	EndGlobalSection
	GlobalSection(SolutionProperties) = preSolution
		HideSolutionNode = FALSE
	EndGlobalSection
	GlobalSection(NestedProjects) = preSolution
		{263989CD-4FC2-4F9B-9AD2-AE17CB4F1EB1} = {6B39CF6E-5593-443C-9ECF-B7EA72A70F78}
	EndGlobalSection
	GlobalSection(ExtensibilityGlobals) = postSolution
		SolutionGuid = {0E6F260A-B7B5-42F3-91E8-832CDEC7B5FA}
	EndGlobalSection
EndGlobal
